{
  "requires": true,
  "lockfileVersion": 1,
  "dependencies": {
    "apidoc-markdown2": {
      "version": "0.3.7",
      "resolved": "http://npm.artifacts.furycloud.io/repository/all/apidoc-markdown2/-/apidoc-markdown2-0.3.7.tgz",
      "integrity": "sha512-cOhkYMCCPfEjqhLZwGh6xkiNovIk4oyOOsj7DCDdWhcMyla/tg80gB1hc7ahbmR/vn0W2D/2GTDS3q7xdhXEGg==",
      "requires": {
        "ejs": "~0.8.5",
        "optimist": "~0.6.0",
        "underscore": "~1.5.2"
      }
    },
    "ejs": {
      "version": "0.8.8",
      "resolved": "http://npm.artifacts.furycloud.io/repository/all/ejs/-/ejs-0.8.8.tgz",
      "integrity": "sha1-/9xW3MNdApJt1QrRNDm7xUBh1Zg="
    },
    "minimist": {
      "version": "0.0.10",
      "resolved": "http://npm.artifacts.furycloud.io/repository/all/minimist/-/minimist-0.0.10.tgz",
      "integrity": "sha1-3j+YVD2/lggr5IrRoMfNqDYwHc8="
    },
    "optimist": {
      "version": "0.6.1",
      "resolved": "http://npm.artifacts.furycloud.io/repository/all/optimist/-/optimist-0.6.1.tgz",
      "integrity": "sha1-2j6nRob6IaGaERwybpDrFaAZZoY=",
      "requires": {
        "minimist": "~0.0.1",
        "wordwrap": "~0.0.2"
      }
    },
    "underscore": {
      "version": "1.5.2",
      "resolved": "http://npm.artifacts.furycloud.io/repository/all/underscore/-/underscore-1.5.2.tgz",
      "integrity": "sha1-EzXF5PXm0zu7SwBrqMhqAPVW3gg="
    },
    "wordwrap": {
      "version": "0.0.3",
      "resolved": "http://npm.artifacts.furycloud.io/repository/all/wordwrap/-/wordwrap-0.0.3.tgz",
      "integrity": "sha1-o9XabNXAvAAI03I0u68b7WMFkQc="
    }
  }
}
